<?xml version="1.0" encoding="utf-8"?>
<Project ToolsVersion="4.0" xmlns="http://schemas.microsoft.com/developer/msbuild/2003">
  <ItemGroup>
    <Filter Include="소스 파일">
      <UniqueIdentifier>{4FC737F1-C7A5-4376-A066-2A32D752A2FF}</UniqueIdentifier>
      <Extensions>cpp;c;cc;cxx;c++;cppm;ixx;def;odl;idl;hpj;bat;asm;asmx</Extensions>
    </Filter>
    <Filter Include="Engine">
      <UniqueIdentifier>{922805dc-e584-4fe4-b948-9e76345eb8d2}</UniqueIdentifier>
    </Filter>
  </ItemGroup>
  <ItemGroup>
    <ClCompile Include="..\ConsoleScreen.cpp">
      <Filter>Engine</Filter>
    </ClCompile>
    <ClCompile Include="..\ConsoleEngineCore.cpp">
      <Filter>Engine</Filter>
    </ClCompile>
    <ClCompile Include="..\ConsoleMath.cpp">
      <Filter>Engine</Filter>
    </ClCompile>
    <ClCompile Include="..\ConsoleObject.cpp">
      <Filter>Engine</Filter>
    </ClCompile>
    <ClCompile Include="..\Snake.cpp">
      <Filter>소스 파일</Filter>
    </ClCompile>
    <ClCompile Include="..\Head.cpp">
      <Filter>소스 파일</Filter>
    </ClCompile>
    <ClCompile Include="..\Part.cpp">
      <Filter>소스 파일</Filter>
    </ClCompile>
    <ClCompile Include="..\Body.cpp">
      <Filter>소스 파일</Filter>
    </ClCompile>
  </ItemGroup>
  <ItemGroup>
    <ClInclude Include="..\ConsoleObject.h">
      <Filter>Engine</Filter>
    </ClInclude>
    <ClInclude Include="..\ConsoleScreen.h">
      <Filter>Engine</Filter>
    </ClInclude>
    <ClInclude Include="..\ConsoleEngineCore.h">
      <Filter>Engine</Filter>
    </ClInclude>
    <ClInclude Include="..\ConsoleMath.h">
      <Filter>Engine</Filter>
    </ClInclude>
    <ClInclude Include="..\Part.h">
      <Filter>소스 파일</Filter>
    </ClInclude>
    <ClInclude Include="..\Head.h">
      <Filter>소스 파일</Filter>
    </ClInclude>
    <ClInclude Include="..\테스트제한사항.h" />
    <ClInclude Include="..\Body.h">
      <Filter>소스 파일</Filter>
    </ClInclude>
  </ItemGroup>
  <ItemGroup>
    <None Include="..\Snake.vcxproj">
      <Filter>소스 파일</Filter>
    </None>
    <None Include="..\Snake.vcxproj.filters">
      <Filter>소스 파일</Filter>
    </None>
  </ItemGroup>
</Project>